
Microsoft Visual Studio Solution File, Format Version 12.00
# Visual Studio Version 16
VisualStudioVersion = 16.0.29806.167
MinimumVisualStudioVersion = 10.0.40219.1
Project("{8BC9CEB8-8B4A-11D0-8D11-00A0C91BC942}") = "05-901-project", "05-901-project\05-901-project.vcxproj", "{1762686C-76BC-4BF9-91B9-5F434EF6AFF4}"
EndProject
Project("{8BC9CEB8-8B4A-11D0-8D11-00A0C91BC942}") = "lesson_02", "lesson_02\lesson_02.vcxproj", "{638B137D-8419-493B-9859-B0A8588D7A1E}"
EndProject
Project("{8BC9CEB8-8B4A-11D0-8D11-00A0C91BC942}") = "lesson_03", "lesson_03\lesson_03.vcxproj", "{6ECAB0F4-8C32-4702-B1AC-8B17BE070C1E}"
EndProject
Project("{8BC9CEB8-8B4A-11D0-8D11-00A0C91BC942}") = "cpp-cli", "cpp-cli\cpp-cli.vcxproj", "{B2A22FD0-51DD-47EF-A6BC-284E980AAB9E}"
EndProject
Global
	GlobalSection(SolutionConfigurationPlatforms) = preSolution
		Debug|x64 = Debug|x64
		Debug|x86 = Debug|x86
		Release|x64 = Release|x64
		Release|x86 = Release|x86
	EndGlobalSection
	GlobalSection(ProjectConfigurationPlatforms) = postSolution
		{1762686C-76BC-4BF9-91B9-5F434EF6AFF4}.Debug|x64.ActiveCfg = Debug|x64
		{1762686C-76BC-4BF9-91B9-5F434EF6AFF4}.Debug|x64.Build.0 = Debug|x64
		{1762686C-76BC-4BF9-91B9-5F434EF6AFF4}.Debug|x86.ActiveCfg = Debug|Win32
		{1762686C-76BC-4BF9-91B9-5F434EF6AFF4}.Debug|x86.Build.0 = Debug|Win32
		{1762686C-76BC-4BF9-91B9-5F434EF6AFF4}.Release|x64.ActiveCfg = Release|x64
		{1762686C-76BC-4BF9-91B9-5F434EF6AFF4}.Release|x64.Build.0 = Release|x64
		{1762686C-76BC-4BF9-91B9-5F434EF6AFF4}.Release|x86.ActiveCfg = Release|Win32
		{1762686C-76BC-4BF9-91B9-5F434EF6AFF4}.Release|x86.Build.0 = Release|Win32
		{638B137D-8419-493B-9859-B0A8588D7A1E}.Debug|x64.ActiveCfg = Debug|x64
		{638B137D-8419-493B-9859-B0A8588D7A1E}.Debug|x64.Build.0 = Debug|x64
		{638B137D-8419-493B-9859-B0A8588D7A1E}.Debug|x86.ActiveCfg = Debug|Win32
		{638B137D-8419-493B-9859-B0A8588D7A1E}.Debug|x86.Build.0 = Debug|Win32
		{638B137D-8419-493B-9859-B0A8588D7A1E}.Release|x64.ActiveCfg = Release|x64
		{638B137D-8419-493B-9859-B0A8588D7A1E}.Release|x64.Build.0 = Release|x64
		{638B137D-8419-493B-9859-B0A8588D7A1E}.Release|x86.ActiveCfg = Release|Win32
		{638B137D-8419-493B-9859-B0A8588D7A1E}.Release|x86.Build.0 = Release|Win32
		{6ECAB0F4-8C32-4702-B1AC-8B17BE070C1E}.Debug|x64.ActiveCfg = Debug|x64
		{6ECAB0F4-8C32-4702-B1AC-8B17BE070C1E}.Debug|x64.Build.0 = Debug|x64
		{6ECAB0F4-8C32-4702-B1AC-8B17BE070C1E}.Debug|x86.ActiveCfg = Debug|Win32
		{6ECAB0F4-8C32-4702-B1AC-8B17BE070C1E}.Debug|x86.Build.0 = Debug|Win32
		{6ECAB0F4-8C32-4702-B1AC-8B17BE070C1E}.Release|x64.ActiveCfg = Release|x64
		{6ECAB0F4-8C32-4702-B1AC-8B17BE070C1E}.Release|x64.Build.0 = Release|x64
		{6ECAB0F4-8C32-4702-B1AC-8B17BE070C1E}.Release|x86.ActiveCfg = Release|Win32
		{6ECAB0F4-8C32-4702-B1AC-8B17BE070C1E}.Release|x86.Build.0 = Release|Win32
		{B2A22FD0-51DD-47EF-A6BC-284E980AAB9E}.Debug|x64.ActiveCfg = Debug|x64
		{B2A22FD0-51DD-47EF-A6BC-284E980AAB9E}.Debug|x64.Build.0 = Debug|x64
		{B2A22FD0-51DD-47EF-A6BC-284E980AAB9E}.Debug|x86.ActiveCfg = Debug|Win32
		{B2A22FD0-51DD-47EF-A6BC-284E980AAB9E}.Debug|x86.Build.0 = Debug|Win32
		{B2A22FD0-51DD-47EF-A6BC-284E980AAB9E}.Release|x64.ActiveCfg = Release|x64
		{B2A22FD0-51DD-47EF-A6BC-284E980AAB9E}.Release|x64.Build.0 = Release|x64
		{B2A22FD0-51DD-47EF-A6BC-284E980AAB9E}.Release|x86.ActiveCfg = Release|Win32
		{B2A22FD0-51DD-47EF-A6BC-284E980AAB9E}.Release|x86.Build.0 = Release|Win32
	EndGlobalSection
	GlobalSection(SolutionProperties) = preSolution
		HideSolutionNode = FALSE
	EndGlobalSection
	GlobalSection(ExtensibilityGlobals) = postSolution
		SolutionGuid = {D97B3EAB-51C6-44F3-8667-36362D7284B0}
	EndGlobalSection
EndGlobal
